// !$*UTF8*$!
{
	archiveVersion = 1;
	classes = {
	};
	objectVersion = 56;
	objects = {

/* Begin PBXBuildFile section */
		292FFA7E2BF41E45008494AB /* LocationSearchView.swift in Sources */ = {isa = PBXBuildFile; fileRef = 292FFA7D2BF41E45008494AB /* LocationSearchView.swift */; };
		292FFA802BF42E3F008494AB /* Accommodation.swift in Sources */ = {isa = PBXBuildFile; fileRef = 292FFA7F2BF42E3F008494AB /* Accommodation.swift */; };
		292FFA822BF4310F008494AB /* AddPlanViewController.swift in Sources */ = {isa = PBXBuildFile; fileRef = 292FFA812BF4310F008494AB /* AddPlanViewController.swift */; };
		292FFA842BF59EC8008494AB /* Weather.swift in Sources */ = {isa = PBXBuildFile; fileRef = 292FFA832BF59EC8008494AB /* Weather.swift */; };
		292FFA862BF5A11F008494AB /* WeatherDetailTableViewCell.swift in Sources */ = {isa = PBXBuildFile; fileRef = 292FFA852BF5A11F008494AB /* WeatherDetailTableViewCell.swift */; };
		29434C422BED8AD000CCE431 /* ProfileViewController.swift in Sources */ = {isa = PBXBuildFile; fileRef = 29434C412BED8AD000CCE431 /* ProfileViewController.swift */; };
		29434C452BF3933700CCE431 /* TripDetailViewController.swift in Sources */ = {isa = PBXBuildFile; fileRef = 29434C442BF3933700CCE431 /* TripDetailViewController.swift */; };
		2951A1962C0D730D00F11A40 /* FlightDetailTableViewCell.swift in Sources */ = {isa = PBXBuildFile; fileRef = 2951A1952C0D730D00F11A40 /* FlightDetailTableViewCell.swift */; };
		2951A19A2C11A16E00F11A40 /* AccommodationDetailTableViewCell.swift in Sources */ = {isa = PBXBuildFile; fileRef = 2951A1992C11A16E00F11A40 /* AccommodationDetailTableViewCell.swift */; };
		297225272BE8FA080013FC0D /* TripDetailTableViewCell.swift in Sources */ = {isa = PBXBuildFile; fileRef = 297225262BE8FA080013FC0D /* TripDetailTableViewCell.swift */; };
		29F947F42BE3278500F1CF23 /* FirebaseStorage in Frameworks */ = {isa = PBXBuildFile; productRef = 29F947F32BE3278500F1CF23 /* FirebaseStorage */; };
		29F947F62BE3525700F1CF23 /* AddTripViewController.swift in Sources */ = {isa = PBXBuildFile; fileRef = 29F947F52BE3525700F1CF23 /* AddTripViewController.swift */; };
		29FADCBE2BD7363800C28F63 /* AppDelegate.swift in Sources */ = {isa = PBXBuildFile; fileRef = 29FADCBD2BD7363800C28F63 /* AppDelegate.swift */; };
		29FADCC02BD7363800C28F63 /* SceneDelegate.swift in Sources */ = {isa = PBXBuildFile; fileRef = 29FADCBF2BD7363800C28F63 /* SceneDelegate.swift */; };
		29FADCC52BD7363800C28F63 /* Base in Resources */ = {isa = PBXBuildFile; fileRef = 29FADCC42BD7363800C28F63 /* Base */; };
		29FADCC72BD7363900C28F63 /* Assets.xcassets in Resources */ = {isa = PBXBuildFile; fileRef = 29FADCC62BD7363900C28F63 /* Assets.xcassets */; };
		29FADCCA2BD7363900C28F63 /* Base in Resources */ = {isa = PBXBuildFile; fileRef = 29FADCC92BD7363900C28F63 /* Base */; };
		29FADCD22BD7373000C28F63 /* LoginViewController.swift in Sources */ = {isa = PBXBuildFile; fileRef = 29FADCD12BD7373000C28F63 /* LoginViewController.swift */; };
		29FADCD52BD7400900C28F63 /* FirebaseAuth in Frameworks */ = {isa = PBXBuildFile; productRef = 29FADCD42BD7400900C28F63 /* FirebaseAuth */; };
		29FADCD72BD7400900C28F63 /* FirebaseFirestore in Frameworks */ = {isa = PBXBuildFile; productRef = 29FADCD62BD7400900C28F63 /* FirebaseFirestore */; };
		29FADCD92BD7400900C28F63 /* FirebaseFirestoreSwift in Frameworks */ = {isa = PBXBuildFile; productRef = 29FADCD82BD7400900C28F63 /* FirebaseFirestoreSwift */; };
		29FADCDB2BDCAEFA00C28F63 /* GoogleService-Info.plist in Resources */ = {isa = PBXBuildFile; fileRef = 29FADCDA2BDCAEFA00C28F63 /* GoogleService-Info.plist */; };
		29FADCDD2BE1F11700C28F63 /* FirebaseController.swift in Sources */ = {isa = PBXBuildFile; fileRef = 29FADCDC2BE1F11700C28F63 /* FirebaseController.swift */; };
		29FADCDF2BE1F18900C28F63 /* DatabaseProtocol.swift in Sources */ = {isa = PBXBuildFile; fileRef = 29FADCDE2BE1F18900C28F63 /* DatabaseProtocol.swift */; };
		29FADCE22BE1F25B00C28F63 /* Trip.swift in Sources */ = {isa = PBXBuildFile; fileRef = 29FADCE12BE1F25B00C28F63 /* Trip.swift */; };
		29FADCE42BE1F29100C28F63 /* Activity.swift in Sources */ = {isa = PBXBuildFile; fileRef = 29FADCE32BE1F29100C28F63 /* Activity.swift */; };
		29FADCE62BE1F2AB00C28F63 /* FlightInfo.swift in Sources */ = {isa = PBXBuildFile; fileRef = 29FADCE52BE1F2AB00C28F63 /* FlightInfo.swift */; };
		29FADCE82BE1F2D100C28F63 /* Expense.swift in Sources */ = {isa = PBXBuildFile; fileRef = 29FADCE72BE1F2D100C28F63 /* Expense.swift */; };
		29FADCEA2BE1F35800C28F63 /* AuthUser.swift in Sources */ = {isa = PBXBuildFile; fileRef = 29FADCE92BE1F35800C28F63 /* AuthUser.swift */; };
		29FADCED2BE2097200C28F63 /* HomeViewController.swift in Sources */ = {isa = PBXBuildFile; fileRef = 29FADCEC2BE2097200C28F63 /* HomeViewController.swift */; };
		29FADCEF2BE2133D00C28F63 /* UIViewController+displayMessage.swift in Sources */ = {isa = PBXBuildFile; fileRef = 29FADCEE2BE2133D00C28F63 /* UIViewController+displayMessage.swift */; };
		29FADCF22BE220BF00C28F63 /* SignUpViewController.swift in Sources */ = {isa = PBXBuildFile; fileRef = 29FADCF12BE220BF00C28F63 /* SignUpViewController.swift */; };
		29FADCF42BE230CD00C28F63 /* HomeTabBarViewController.swift in Sources */ = {isa = PBXBuildFile; fileRef = 29FADCF32BE230CD00C28F63 /* HomeTabBarViewController.swift */; };
/* End PBXBuildFile section */

/* Begin PBXFileReference section */
		292FFA7D2BF41E45008494AB /* LocationSearchView.swift */ = {isa = PBXFileReference; lastKnownFileType = sourcecode.swift; path = LocationSearchView.swift; sourceTree = "<group>"; };
		292FFA7F2BF42E3F008494AB /* Accommodation.swift */ = {isa = PBXFileReference; lastKnownFileType = sourcecode.swift; path = Accommodation.swift; sourceTree = "<group>"; };
		292FFA812BF4310F008494AB /* AddPlanViewController.swift */ = {isa = PBXFileReference; lastKnownFileType = sourcecode.swift; path = AddPlanViewController.swift; sourceTree = "<group>"; };
		292FFA832BF59EC8008494AB /* Weather.swift */ = {isa = PBXFileReference; lastKnownFileType = sourcecode.swift; path = Weather.swift; sourceTree = "<group>"; };
		292FFA852BF5A11F008494AB /* WeatherDetailTableViewCell.swift */ = {isa = PBXFileReference; lastKnownFileType = sourcecode.swift; path = WeatherDetailTableViewCell.swift; sourceTree = "<group>"; };
		29434C412BED8AD000CCE431 /* ProfileViewController.swift */ = {isa = PBXFileReference; lastKnownFileType = sourcecode.swift; path = ProfileViewController.swift; sourceTree = "<group>"; };
		29434C442BF3933700CCE431 /* TripDetailViewController.swift */ = {isa = PBXFileReference; lastKnownFileType = sourcecode.swift; path = TripDetailViewController.swift; sourceTree = "<group>"; };
		2951A1952C0D730D00F11A40 /* FlightDetailTableViewCell.swift */ = {isa = PBXFileReference; lastKnownFileType = sourcecode.swift; path = FlightDetailTableViewCell.swift; sourceTree = "<group>"; };
		2951A1992C11A16E00F11A40 /* AccommodationDetailTableViewCell.swift */ = {isa = PBXFileReference; lastKnownFileType = sourcecode.swift; path = AccommodationDetailTableViewCell.swift; sourceTree = "<group>"; };
		297225262BE8FA080013FC0D /* TripDetailTableViewCell.swift */ = {isa = PBXFileReference; lastKnownFileType = sourcecode.swift; path = TripDetailTableViewCell.swift; sourceTree = "<group>"; };
		29F947F52BE3525700F1CF23 /* AddTripViewController.swift */ = {isa = PBXFileReference; lastKnownFileType = sourcecode.swift; path = AddTripViewController.swift; sourceTree = "<group>"; };
		29FADCBA2BD7363800C28F63 /* Journy.app */ = {isa = PBXFileReference; explicitFileType = wrapper.application; includeInIndex = 0; path = Journy.app; sourceTree = BUILT_PRODUCTS_DIR; };
		29FADCBD2BD7363800C28F63 /* AppDelegate.swift */ = {isa = PBXFileReference; lastKnownFileType = sourcecode.swift; path = AppDelegate.swift; sourceTree = "<group>"; };
		29FADCBF2BD7363800C28F63 /* SceneDelegate.swift */ = {isa = PBXFileReference; lastKnownFileType = sourcecode.swift; path = SceneDelegate.swift; sourceTree = "<group>"; };
		29FADCC42BD7363800C28F63 /* Base */ = {isa = PBXFileReference; lastKnownFileType = file.storyboard; name = Base; path = Base.lproj/Main.storyboard; sourceTree = "<group>"; };
		29FADCC62BD7363900C28F63 /* Assets.xcassets */ = {isa = PBXFileReference; lastKnownFileType = folder.assetcatalog; path = Assets.xcassets; sourceTree = "<group>"; };
		29FADCC92BD7363900C28F63 /* Base */ = {isa = PBXFileReference; lastKnownFileType = file.storyboard; name = Base; path = Base.lproj/LaunchScreen.storyboard; sourceTree = "<group>"; };
		29FADCCB2BD7363900C28F63 /* Info.plist */ = {isa = PBXFileReference; lastKnownFileType = text.plist.xml; path = Info.plist; sourceTree = "<group>"; };
		29FADCD12BD7373000C28F63 /* LoginViewController.swift */ = {isa = PBXFileReference; lastKnownFileType = sourcecode.swift; path = LoginViewController.swift; sourceTree = "<group>"; };
		29FADCDA2BDCAEFA00C28F63 /* GoogleService-Info.plist */ = {isa = PBXFileReference; fileEncoding = 4; lastKnownFileType = text.plist.xml; path = "GoogleService-Info.plist"; sourceTree = "<group>"; };
		29FADCDC2BE1F11700C28F63 /* FirebaseController.swift */ = {isa = PBXFileReference; lastKnownFileType = sourcecode.swift; path = FirebaseController.swift; sourceTree = "<group>"; };
		29FADCDE2BE1F18900C28F63 /* DatabaseProtocol.swift */ = {isa = PBXFileReference; lastKnownFileType = sourcecode.swift; path = DatabaseProtocol.swift; sourceTree = "<group>"; };
		29FADCE12BE1F25B00C28F63 /* Trip.swift */ = {isa = PBXFileReference; lastKnownFileType = sourcecode.swift; path = Trip.swift; sourceTree = "<group>"; };
		29FADCE32BE1F29100C28F63 /* Activity.swift */ = {isa = PBXFileReference; lastKnownFileType = sourcecode.swift; path = Activity.swift; sourceTree = "<group>"; };
		29FADCE52BE1F2AB00C28F63 /* FlightInfo.swift */ = {isa = PBXFileReference; lastKnownFileType = sourcecode.swift; path = FlightInfo.swift; sourceTree = "<group>"; };
		29FADCE72BE1F2D100C28F63 /* Expense.swift */ = {isa = PBXFileReference; lastKnownFileType = sourcecode.swift; path = Expense.swift; sourceTree = "<group>"; };
		29FADCE92BE1F35800C28F63 /* AuthUser.swift */ = {isa = PBXFileReference; lastKnownFileType = sourcecode.swift; path = AuthUser.swift; sourceTree = "<group>"; };
		29FADCEC2BE2097200C28F63 /* HomeViewController.swift */ = {isa = PBXFileReference; lastKnownFileType = sourcecode.swift; path = HomeViewController.swift; sourceTree = "<group>"; };
		29FADCEE2BE2133D00C28F63 /* UIViewController+displayMessage.swift */ = {isa = PBXFileReference; fileEncoding = 4; lastKnownFileType = sourcecode.swift; path = "UIViewController+displayMessage.swift"; sourceTree = "<group>"; };
		29FADCF12BE220BF00C28F63 /* SignUpViewController.swift */ = {isa = PBXFileReference; lastKnownFileType = sourcecode.swift; path = SignUpViewController.swift; sourceTree = "<group>"; };
		29FADCF32BE230CD00C28F63 /* HomeTabBarViewController.swift */ = {isa = PBXFileReference; lastKnownFileType = sourcecode.swift; path = HomeTabBarViewController.swift; sourceTree = "<group>"; };
/* End PBXFileReference section */

/* Begin PBXFrameworksBuildPhase section */
		29FADCB72BD7363800C28F63 /* Frameworks */ = {
			isa = PBXFrameworksBuildPhase;
			buildActionMask = 2147483647;
			files = (
				29FADCD52BD7400900C28F63 /* FirebaseAuth in Frameworks */,
				29F947F42BE3278500F1CF23 /* FirebaseStorage in Frameworks */,
				29FADCD72BD7400900C28F63 /* FirebaseFirestore in Frameworks */,
				29FADCD92BD7400900C28F63 /* FirebaseFirestoreSwift in Frameworks */,
			);
			runOnlyForDeploymentPostprocessing = 0;
		};
/* End PBXFrameworksBuildPhase section */

/* Begin PBXGroup section */
		29434C402BED8AB200CCE431 /* Profile */ = {
			isa = PBXGroup;
			children = (
				29434C412BED8AD000CCE431 /* ProfileViewController.swift */,
			);
			path = Profile;
			sourceTree = "<group>";
		};
		29434C432BF3931A00CCE431 /* Trip Detail */ = {
			isa = PBXGroup;
			children = (
				29434C442BF3933700CCE431 /* TripDetailViewController.swift */,
				292FFA812BF4310F008494AB /* AddPlanViewController.swift */,
				292FFA852BF5A11F008494AB /* WeatherDetailTableViewCell.swift */,
				2951A1952C0D730D00F11A40 /* FlightDetailTableViewCell.swift */,
				2951A1992C11A16E00F11A40 /* AccommodationDetailTableViewCell.swift */,
			);
			path = "Trip Detail";
			sourceTree = "<group>";
		};
		2960ED262BE49B0A002C399C /* Auth */ = {
			isa = PBXGroup;
			children = (
				29FADCD12BD7373000C28F63 /* LoginViewController.swift */,
				29FADCF12BE220BF00C28F63 /* SignUpViewController.swift */,
			);
			path = Auth;
			sourceTree = "<group>";
		};
		2960ED272BE49B15002C399C /* Home Page */ = {
			isa = PBXGroup;
			children = (
				29FADCF32BE230CD00C28F63 /* HomeTabBarViewController.swift */,
				29FADCEC2BE2097200C28F63 /* HomeViewController.swift */,
				297225262BE8FA080013FC0D /* TripDetailTableViewCell.swift */,
			);
			path = "Home Page";
			sourceTree = "<group>";
		};
		2960ED282BE49B36002C399C /* Add Trip */ = {
			isa = PBXGroup;
			children = (
				29F947F52BE3525700F1CF23 /* AddTripViewController.swift */,
				292FFA7D2BF41E45008494AB /* LocationSearchView.swift */,
			);
			path = "Add Trip";
			sourceTree = "<group>";
		};
		297225252BE8EEA00013FC0D /* Storyboards */ = {
			isa = PBXGroup;
			children = (
				29FADCC32BD7363800C28F63 /* Main.storyboard */,
				29FADCC82BD7363900C28F63 /* LaunchScreen.storyboard */,
			);
			path = Storyboards;
			sourceTree = "<group>";
		};
		29FADCB12BD7363800C28F63 = {
			isa = PBXGroup;
			children = (
				29FADCBC2BD7363800C28F63 /* Journy */,
				29FADCBB2BD7363800C28F63 /* Products */,
			);
			sourceTree = "<group>";
		};
		29FADCBB2BD7363800C28F63 /* Products */ = {
			isa = PBXGroup;
			children = (
				29FADCBA2BD7363800C28F63 /* Journy.app */,
			);
			name = Products;
			sourceTree = "<group>";
		};
		29FADCBC2BD7363800C28F63 /* Journy */ = {
			isa = PBXGroup;
			children = (
				29FADCF02BE218C700C28F63 /* ViewController */,
				29FADCEB2BE1F35F00C28F63 /* Models */,
				29FADCE02BE1F23B00C28F63 /* Database */,
				297225252BE8EEA00013FC0D /* Storyboards */,
				29FADCBD2BD7363800C28F63 /* AppDelegate.swift */,
				29FADCBF2BD7363800C28F63 /* SceneDelegate.swift */,
				29FADCC62BD7363900C28F63 /* Assets.xcassets */,
				29FADCCB2BD7363900C28F63 /* Info.plist */,
				29FADCDA2BDCAEFA00C28F63 /* GoogleService-Info.plist */,
				29FADCEE2BE2133D00C28F63 /* UIViewController+displayMessage.swift */,
			);
			path = Journy;
			sourceTree = "<group>";
		};
		29FADCE02BE1F23B00C28F63 /* Database */ = {
			isa = PBXGroup;
			children = (
				29FADCDC2BE1F11700C28F63 /* FirebaseController.swift */,
				29FADCDE2BE1F18900C28F63 /* DatabaseProtocol.swift */,
			);
			path = Database;
			sourceTree = "<group>";
		};
		29FADCEB2BE1F35F00C28F63 /* Models */ = {
			isa = PBXGroup;
			children = (
				29FADCE12BE1F25B00C28F63 /* Trip.swift */,
				29FADCE32BE1F29100C28F63 /* Activity.swift */,
				29FADCE52BE1F2AB00C28F63 /* FlightInfo.swift */,
				29FADCE72BE1F2D100C28F63 /* Expense.swift */,
				29FADCE92BE1F35800C28F63 /* AuthUser.swift */,
				292FFA7F2BF42E3F008494AB /* Accommodation.swift */,
				292FFA832BF59EC8008494AB /* Weather.swift */,
			);
			path = Models;
			sourceTree = "<group>";
		};
		29FADCF02BE218C700C28F63 /* ViewController */ = {
			isa = PBXGroup;
			children = (
				29434C432BF3931A00CCE431 /* Trip Detail */,
				29434C402BED8AB200CCE431 /* Profile */,
				2960ED282BE49B36002C399C /* Add Trip */,
				2960ED272BE49B15002C399C /* Home Page */,
				2960ED262BE49B0A002C399C /* Auth */,
			);
			path = ViewController;
			sourceTree = "<group>";
		};
/* End PBXGroup section */

/* Begin PBXNativeTarget section */
		29FADCB92BD7363800C28F63 /* Journy */ = {
			isa = PBXNativeTarget;
			buildConfigurationList = 29FADCCE2BD7363900C28F63 /* Build configuration list for PBXNativeTarget "Journy" */;
			buildPhases = (
				29FADCB62BD7363800C28F63 /* Sources */,
				29FADCB72BD7363800C28F63 /* Frameworks */,
				29FADCB82BD7363800C28F63 /* Resources */,
			);
			buildRules = (
			);
			dependencies = (
			);
			name = Journy;
			packageProductDependencies = (
				29FADCD42BD7400900C28F63 /* FirebaseAuth */,
				29FADCD62BD7400900C28F63 /* FirebaseFirestore */,
				29FADCD82BD7400900C28F63 /* FirebaseFirestoreSwift */,
				29F947F32BE3278500F1CF23 /* FirebaseStorage */,
			);
			productName = Journy;
			productReference = 29FADCBA2BD7363800C28F63 /* Journy.app */;
			productType = "com.apple.product-type.application";
		};
/* End PBXNativeTarget section */

/* Begin PBXProject section */
		29FADCB22BD7363800C28F63 /* Project object */ = {
			isa = PBXProject;
			attributes = {
				BuildIndependentTargetsInParallel = 1;
				LastSwiftUpdateCheck = 1530;
				LastUpgradeCheck = 1530;
				TargetAttributes = {
					29FADCB92BD7363800C28F63 = {
						CreatedOnToolsVersion = 15.3;
					};
				};
			};
			buildConfigurationList = 29FADCB52BD7363800C28F63 /* Build configuration list for PBXProject "Journy" */;
			compatibilityVersion = "Xcode 14.0";
			developmentRegion = en;
			hasScannedForEncodings = 0;
			knownRegions = (
				en,
				Base,
			);
			mainGroup = 29FADCB12BD7363800C28F63;
			packageReferences = (
				29FADCD32BD7400900C28F63 /* XCRemoteSwiftPackageReference "firebase-ios-sdk" */,
			);
			productRefGroup = 29FADCBB2BD7363800C28F63 /* Products */;
			projectDirPath = "";
			projectRoot = "";
			targets = (
				29FADCB92BD7363800C28F63 /* Journy */,
			);
		};
/* End PBXProject section */

/* Begin PBXResourcesBuildPhase section */
		29FADCB82BD7363800C28F63 /* Resources */ = {
			isa = PBXResourcesBuildPhase;
			buildActionMask = 2147483647;
			files = (
				29FADCC72BD7363900C28F63 /* Assets.xcassets in Resources */,
				29FADCDB2BDCAEFA00C28F63 /* GoogleService-Info.plist in Resources */,
				29FADCCA2BD7363900C28F63 /* Base in Resources */,
				29FADCC52BD7363800C28F63 /* Base in Resources */,
			);
			runOnlyForDeploymentPostprocessing = 0;
		};
/* End PBXResourcesBuildPhase section */

/* Begin PBXSourcesBuildPhase section */
		29FADCB62BD7363800C28F63 /* Sources */ = {
			isa = PBXSourcesBuildPhase;
			buildActionMask = 2147483647;
			files = (
				29FADCE22BE1F25B00C28F63 /* Trip.swift in Sources */,
				29FADCDD2BE1F11700C28F63 /* FirebaseController.swift in Sources */,
				29FADCD22BD7373000C28F63 /* LoginViewController.swift in Sources */,
				2951A19A2C11A16E00F11A40 /* AccommodationDetailTableViewCell.swift in Sources */,
				29FADCBE2BD7363800C28F63 /* AppDelegate.swift in Sources */,
				29FADCC02BD7363800C28F63 /* SceneDelegate.swift in Sources */,
				29F947F62BE3525700F1CF23 /* AddTripViewController.swift in Sources */,
				29434C452BF3933700CCE431 /* TripDetailViewController.swift in Sources */,
				29FADCE62BE1F2AB00C28F63 /* FlightInfo.swift in Sources */,
				292FFA822BF4310F008494AB /* AddPlanViewController.swift in Sources */,
				292FFA802BF42E3F008494AB /* Accommodation.swift in Sources */,
				29434C422BED8AD000CCE431 /* ProfileViewController.swift in Sources */,
				29FADCE82BE1F2D100C28F63 /* Expense.swift in Sources */,
				292FFA7E2BF41E45008494AB /* LocationSearchView.swift in Sources */,
				29FADCF42BE230CD00C28F63 /* HomeTabBarViewController.swift in Sources */,
				292FFA842BF59EC8008494AB /* Weather.swift in Sources */,
				29FADCED2BE2097200C28F63 /* HomeViewController.swift in Sources */,
				29FADCDF2BE1F18900C28F63 /* DatabaseProtocol.swift in Sources */,
				29FADCEA2BE1F35800C28F63 /* AuthUser.swift in Sources */,
				29FADCE42BE1F29100C28F63 /* Activity.swift in Sources */,
				297225272BE8FA080013FC0D /* TripDetailTableViewCell.swift in Sources */,
				29FADCF22BE220BF00C28F63 /* SignUpViewController.swift in Sources */,
				292FFA862BF5A11F008494AB /* WeatherDetailTableViewCell.swift in Sources */,
				2951A1962C0D730D00F11A40 /* FlightDetailTableViewCell.swift in Sources */,
				29FADCEF2BE2133D00C28F63 /* UIViewController+displayMessage.swift in Sources */,
			);
			runOnlyForDeploymentPostprocessing = 0;
		};
/* End PBXSourcesBuildPhase section */

/* Begin PBXVariantGroup section */
		29FADCC32BD7363800C28F63 /* Main.storyboard */ = {
			isa = PBXVariantGroup;
			children = (
				29FADCC42BD7363800C28F63 /* Base */,
			);
			name = Main.storyboard;
			sourceTree = "<group>";
		};
		29FADCC82BD7363900C28F63 /* LaunchScreen.storyboard */ = {
			isa = PBXVariantGroup;
			children = (
				29FADCC92BD7363900C28F63 /* Base */,
			);
			name = LaunchScreen.storyboard;
			sourceTree = "<group>";
		};
/* End PBXVariantGroup section */

/* Begin XCBuildConfiguration section */
		29FADCCC2BD7363900C28F63 /* Debug */ = {
			isa = XCBuildConfiguration;
			buildSettings = {
				ALWAYS_SEARCH_USER_PATHS = NO;
				ASSETCATALOG_COMPILER_GENERATE_SWIFT_ASSET_SYMBOL_EXTENSIONS = YES;
				CLANG_ANALYZER_NONNULL = YES;
				CLANG_ANALYZER_NUMBER_OBJECT_CONVERSION = YES_AGGRESSIVE;
				CLANG_CXX_LANGUAGE_STANDARD = "gnu++20";
				CLANG_ENABLE_MODULES = YES;
				CLANG_ENABLE_OBJC_ARC = YES;
				CLANG_ENABLE_OBJC_WEAK = YES;
				CLANG_WARN_BLOCK_CAPTURE_AUTORELEASING = YES;
				CLANG_WARN_BOOL_CONVERSION = YES;
				CLANG_WARN_COMMA = YES;
				CLANG_WARN_CONSTANT_CONVERSION = YES;
				CLANG_WARN_DEPRECATED_OBJC_IMPLEMENTATIONS = YES;
				CLANG_WARN_DIRECT_OBJC_ISA_USAGE = YES_ERROR;
				CLANG_WARN_DOCUMENTATION_COMMENTS = YES;
				CLANG_WARN_EMPTY_BODY = YES;
				CLANG_WARN_ENUM_CONVERSION = YES;
				CLANG_WARN_INFINITE_RECURSION = YES;
				CLANG_WARN_INT_CONVERSION = YES;
				CLANG_WARN_NON_LITERAL_NULL_CONVERSION = YES;
				CLANG_WARN_OBJC_IMPLICIT_RETAIN_SELF = YES;
				CLANG_WARN_OBJC_LITERAL_CONVERSION = YES;
				CLANG_WARN_OBJC_ROOT_CLASS = YES_ERROR;
				CLANG_WARN_QUOTED_INCLUDE_IN_FRAMEWORK_HEADER = YES;
				CLANG_WARN_RANGE_LOOP_ANALYSIS = YES;
				CLANG_WARN_STRICT_PROTOTYPES = YES;
				CLANG_WARN_SUSPICIOUS_MOVE = YES;
				CLANG_WARN_UNGUARDED_AVAILABILITY = YES_AGGRESSIVE;
				CLANG_WARN_UNREACHABLE_CODE = YES;
				CLANG_WARN__DUPLICATE_METHOD_MATCH = YES;
				COPY_PHASE_STRIP = NO;
				DEBUG_INFORMATION_FORMAT = dwarf;
				ENABLE_STRICT_OBJC_MSGSEND = YES;
				ENABLE_TESTABILITY = YES;
				ENABLE_USER_SCRIPT_SANDBOXING = YES;
				GCC_C_LANGUAGE_STANDARD = gnu17;
				GCC_DYNAMIC_NO_PIC = NO;
				GCC_NO_COMMON_BLOCKS = YES;
				GCC_OPTIMIZATION_LEVEL = 0;
				GCC_PREPROCESSOR_DEFINITIONS = (
					"DEBUG=1",
					"$(inherited)",
				);
				GCC_WARN_64_TO_32_BIT_CONVERSION = YES;
				GCC_WARN_ABOUT_RETURN_TYPE = YES_ERROR;
				GCC_WARN_UNDECLARED_SELECTOR = YES;
				GCC_WARN_UNINITIALIZED_AUTOS = YES_AGGRESSIVE;
				GCC_WARN_UNUSED_FUNCTION = YES;
				GCC_WARN_UNUSED_VARIABLE = YES;
				IPHONEOS_DEPLOYMENT_TARGET = 17.4;
				LOCALIZATION_PREFERS_STRING_CATALOGS = YES;
				MTL_ENABLE_DEBUG_INFO = INCLUDE_SOURCE;
				MTL_FAST_MATH = YES;
				ONLY_ACTIVE_ARCH = YES;
				SDKROOT = iphoneos;
				SWIFT_ACTIVE_COMPILATION_CONDITIONS = "DEBUG $(inherited)";
				SWIFT_OPTIMIZATION_LEVEL = "-Onone";
			};
			name = Debug;
		};
		29FADCCD2BD7363900C28F63 /* Release */ = {
			isa = XCBuildConfiguration;
			buildSettings = {
				ALWAYS_SEARCH_USER_PATHS = NO;
				ASSETCATALOG_COMPILER_GENERATE_SWIFT_ASSET_SYMBOL_EXTENSIONS = YES;
				CLANG_ANALYZER_NONNULL = YES;
				CLANG_ANALYZER_NUMBER_OBJECT_CONVERSION = YES_AGGRESSIVE;
				CLANG_CXX_LANGUAGE_STANDARD = "gnu++20";
				CLANG_ENABLE_MODULES = YES;
				CLANG_ENABLE_OBJC_ARC = YES;
				CLANG_ENABLE_OBJC_WEAK = YES;
				CLANG_WARN_BLOCK_CAPTURE_AUTORELEASING = YES;
				CLANG_WARN_BOOL_CONVERSION = YES;
				CLANG_WARN_COMMA = YES;
				CLANG_WARN_CONSTANT_CONVERSION = YES;
				CLANG_WARN_DEPRECATED_OBJC_IMPLEMENTATIONS = YES;
				CLANG_WARN_DIRECT_OBJC_ISA_USAGE = YES_ERROR;
				CLANG_WARN_DOCUMENTATION_COMMENTS = YES;
				CLANG_WARN_EMPTY_BODY = YES;
				CLANG_WARN_ENUM_CONVERSION = YES;
				CLANG_WARN_INFINITE_RECURSION = YES;
				CLANG_WARN_INT_CONVERSION = YES;
				CLANG_WARN_NON_LITERAL_NULL_CONVERSION = YES;
				CLANG_WARN_OBJC_IMPLICIT_RETAIN_SELF = YES;
				CLANG_WARN_OBJC_LITERAL_CONVERSION = YES;
				CLANG_WARN_OBJC_ROOT_CLASS = YES_ERROR;
				CLANG_WARN_QUOTED_INCLUDE_IN_FRAMEWORK_HEADER = YES;
				CLANG_WARN_RANGE_LOOP_ANALYSIS = YES;
				CLANG_WARN_STRICT_PROTOTYPES = YES;
				CLANG_WARN_SUSPICIOUS_MOVE = YES;
				CLANG_WARN_UNGUARDED_AVAILABILITY = YES_AGGRESSIVE;
				CLANG_WARN_UNREACHABLE_CODE = YES;
				CLANG_WARN__DUPLICATE_METHOD_MATCH = YES;
				COPY_PHASE_STRIP = NO;
				DEBUG_INFORMATION_FORMAT = "dwarf-with-dsym";
				ENABLE_NS_ASSERTIONS = NO;
				ENABLE_STRICT_OBJC_MSGSEND = YES;
				ENABLE_USER_SCRIPT_SANDBOXING = YES;
				GCC_C_LANGUAGE_STANDARD = gnu17;
				GCC_NO_COMMON_BLOCKS = YES;
				GCC_WARN_64_TO_32_BIT_CONVERSION = YES;
				GCC_WARN_ABOUT_RETURN_TYPE = YES_ERROR;
				GCC_WARN_UNDECLARED_SELECTOR = YES;
				GCC_WARN_UNINITIALIZED_AUTOS = YES_AGGRESSIVE;
				GCC_WARN_UNUSED_FUNCTION = YES;
				GCC_WARN_UNUSED_VARIABLE = YES;
				IPHONEOS_DEPLOYMENT_TARGET = 17.4;
				LOCALIZATION_PREFERS_STRING_CATALOGS = YES;
				MTL_ENABLE_DEBUG_INFO = NO;
				MTL_FAST_MATH = YES;
				SDKROOT = iphoneos;
				SWIFT_COMPILATION_MODE = wholemodule;
				VALIDATE_PRODUCT = YES;
			};
			name = Release;
		};
		29FADCCF2BD7363900C28F63 /* Debug */ = {
			isa = XCBuildConfiguration;
			buildSettings = {
				ASSETCATALOG_COMPILER_APPICON_NAME = AppIcon;
				ASSETCATALOG_COMPILER_GLOBAL_ACCENT_COLOR_NAME = AccentColor;
				CODE_SIGN_STYLE = Automatic;
				CURRENT_PROJECT_VERSION = 1;
				DEVELOPMENT_TEAM = 4RU29WWD8Q;
				GENERATE_INFOPLIST_FILE = YES;
				INFOPLIST_FILE = Journy/Info.plist;
				INFOPLIST_KEY_NSCameraUsageDescription = "This application requires the camera to take photos for storage in the\napplication";
				INFOPLIST_KEY_NSPhotoLibraryUsageDescription = "This application requires the use of the photo library to get photos on the\nsimulator";
				INFOPLIST_KEY_UIApplicationSupportsIndirectInputEvents = YES;
				INFOPLIST_KEY_UILaunchStoryboardName = LaunchScreen;
				INFOPLIST_KEY_UIMainStoryboardFile = Main;
				INFOPLIST_KEY_UISupportedInterfaceOrientations_iPad = "UIInterfaceOrientationPortrait UIInterfaceOrientationPortraitUpsideDown UIInterfaceOrientationLandscapeLeft UIInterfaceOrientationLandscapeRight";
				INFOPLIST_KEY_UISupportedInterfaceOrientations_iPhone = "UIInterfaceOrientationPortrait UIInterfaceOrientationLandscapeLeft UIInterfaceOrientationLandscapeRight";
				LD_RUNPATH_SEARCH_PATHS = (
					"$(inherited)",
					"@executable_path/Frameworks",
				);
				MARKETING_VERSION = 1.0;
				PRODUCT_BUNDLE_IDENTIFIER = com.jgoi.Journy;
				PRODUCT_NAME = "$(TARGET_NAME)";
				SWIFT_EMIT_LOC_STRINGS = YES;
				SWIFT_VERSION = 5.0;
				TARGETED_DEVICE_FAMILY = "1,2";
			};
			name = Debug;
		};
		29FADCD02BD7363900C28F63 /* Release */ = {
			isa = XCBuildConfiguration;
			buildSettings = {
				ASSETCATALOG_COMPILER_APPICON_NAME = AppIcon;
				ASSETCATALOG_COMPILER_GLOBAL_ACCENT_COLOR_NAME = AccentColor;
				CODE_SIGN_STYLE = Automatic;
				CURRENT_PROJECT_VERSION = 1;
				DEVELOPMENT_TEAM = 4RU29WWD8Q;
				GENERATE_INFOPLIST_FILE = YES;
				INFOPLIST_FILE = Journy/Info.plist;
				INFOPLIST_KEY_NSCameraUsageDescription = "This application requires the camera to take photos for storage in the\napplication";
				INFOPLIST_KEY_NSPhotoLibraryUsageDescription = "This application requires the use of the photo library to get photos on the\nsimulator";
				INFOPLIST_KEY_UIApplicationSupportsIndirectInputEvents = YES;
				INFOPLIST_KEY_UILaunchStoryboardName = LaunchScreen;
				INFOPLIST_KEY_UIMainStoryboardFile = Main;
				INFOPLIST_KEY_UISupportedInterfaceOrientations_iPad = "UIInterfaceOrientationPortrait UIInterfaceOrientationPortraitUpsideDown UIInterfaceOrientationLandscapeLeft UIInterfaceOrientationLandscapeRight";
				INFOPLIST_KEY_UISupportedInterfaceOrientations_iPhone = "UIInterfaceOrientationPortrait UIInterfaceOrientationLandscapeLeft UIInterfaceOrientationLandscapeRight";
				LD_RUNPATH_SEARCH_PATHS = (
					"$(inherited)",
					"@executable_path/Frameworks",
				);
				MARKETING_VERSION = 1.0;
				PRODUCT_BUNDLE_IDENTIFIER = com.jgoi.Journy;
				PRODUCT_NAME = "$(TARGET_NAME)";
				SWIFT_EMIT_LOC_STRINGS = YES;
				SWIFT_VERSION = 5.0;
				TARGETED_DEVICE_FAMILY = "1,2";
			};
			name = Release;
		};
/* End XCBuildConfiguration section */

/* Begin XCConfigurationList section */
		29FADCB52BD7363800C28F63 /* Build configuration list for PBXProject "Journy" */ = {
			isa = XCConfigurationList;
			buildConfigurations = (
				29FADCCC2BD7363900C28F63 /* Debug */,
				29FADCCD2BD7363900C28F63 /* Release */,
			);
			defaultConfigurationIsVisible = 0;
			defaultConfigurationName = Release;
		};
		29FADCCE2BD7363900C28F63 /* Build configuration list for PBXNativeTarget "Journy" */ = {
			isa = XCConfigurationList;
			buildConfigurations = (
				29FADCCF2BD7363900C28F63 /* Debug */,
				29FADCD02BD7363900C28F63 /* Release */,
			);
			defaultConfigurationIsVisible = 0;
			defaultConfigurationName = Release;
		};
/* End XCConfigurationList section */

/* Begin XCRemoteSwiftPackageReference section */
		29FADCD32BD7400900C28F63 /* XCRemoteSwiftPackageReference "firebase-ios-sdk" */ = {
			isa = XCRemoteSwiftPackageReference;
			repositoryURL = "https://github.com/firebase/firebase-ios-sdk.git";
			requirement = {
				kind = upToNextMajorVersion;
				minimumVersion = 10.24.0;
			};
		};
/* End XCRemoteSwiftPackageReference section */

/* Begin XCSwiftPackageProductDependency section */
		29F947F32BE3278500F1CF23 /* FirebaseStorage */ = {
			isa = XCSwiftPackageProductDependency;
			package = 29FADCD32BD7400900C28F63 /* XCRemoteSwiftPackageReference "firebase-ios-sdk" */;
			productName = FirebaseStorage;
		};
		29FADCD42BD7400900C28F63 /* FirebaseAuth */ = {
			isa = XCSwiftPackageProductDependency;
			package = 29FADCD32BD7400900C28F63 /* XCRemoteSwiftPackageReference "firebase-ios-sdk" */;
			productName = FirebaseAuth;
		};
		29FADCD62BD7400900C28F63 /* FirebaseFirestore */ = {
			isa = XCSwiftPackageProductDependency;
			package = 29FADCD32BD7400900C28F63 /* XCRemoteSwiftPackageReference "firebase-ios-sdk" */;
			productName = FirebaseFirestore;
		};
		29FADCD82BD7400900C28F63 /* FirebaseFirestoreSwift */ = {
			isa = XCSwiftPackageProductDependency;
			package = 29FADCD32BD7400900C28F63 /* XCRemoteSwiftPackageReference "firebase-ios-sdk" */;
			productName = FirebaseFirestoreSwift;
		};
/* End XCSwiftPackageProductDependency section */
	};
	rootObject = 29FADCB22BD7363800C28F63 /* Project object */;
}
